
Microsoft Visual Studio Solution File, Format Version 12.00
# Visual Studio Version 17
VisualStudioVersion = 17.0.31903.59
MinimumVisualStudioVersion = 10.0.40219.1
Project("{FAE04EC0-301F-11D3-BF4B-00C04F79EFBC}") = "umb14test.Website", "umb14test.Website\umb14test.Website.csproj", "{811E1E9E-97A9-4073-A13E-8C5F5C937B8F}"
EndProject
Project("{FAE04EC0-301F-11D3-BF4B-00C04F79EFBC}") = "umb14test", "umb14test\umb14test.csproj", "{53B9112C-9409-4710-9B33-52299AAD53F7}"
EndProject
Global
	GlobalSection(SolutionConfigurationPlatforms) = preSolution
		Debug|Any CPU = Debug|Any CPU
		Release|Any CPU = Release|Any CPU
	EndGlobalSection
	GlobalSection(SolutionProperties) = preSolution
		HideSolutionNode = FALSE
	EndGlobalSection
	GlobalSection(ProjectConfigurationPlatforms) = postSolution
		{811E1E9E-97A9-4073-A13E-8C5F5C937B8F}.Debug|Any CPU.ActiveCfg = Debug|Any CPU
		{811E1E9E-97A9-4073-A13E-8C5F5C937B8F}.Debug|Any CPU.Build.0 = Debug|Any CPU
		{811E1E9E-97A9-4073-A13E-8C5F5C937B8F}.Release|Any CPU.ActiveCfg = Release|Any CPU
		{811E1E9E-97A9-4073-A13E-8C5F5C937B8F}.Release|Any CPU.Build.0 = Release|Any CPU
		{53B9112C-9409-4710-9B33-52299AAD53F7}.Debug|Any CPU.ActiveCfg = Debug|Any CPU
		{53B9112C-9409-4710-9B33-52299AAD53F7}.Debug|Any CPU.Build.0 = Debug|Any CPU
		{53B9112C-9409-4710-9B33-52299AAD53F7}.Release|Any CPU.ActiveCfg = Release|Any CPU
		{53B9112C-9409-4710-9B33-52299AAD53F7}.Release|Any CPU.Build.0 = Release|Any CPU
	EndGlobalSection
EndGlobal
